
Microsoft Visual Studio Solution File, Format Version 12.00
# Visual Studio 15
VisualStudioVersion = 15.0.28307.489
MinimumVisualStudioVersion = 10.0.40219.1
Project("{FAE04EC0-301F-11D3-BF4B-00C04F79EFBC}") = "STLDataHandlingTool", "STLDataHandlingTool\STLDataHandlingTool.csproj", "{A51CBA1E-CA4B-4185-BAE1-6D1EE2F5F2BE}"
EndProject
Project("{FAE04EC0-301F-11D3-BF4B-00C04F79EFBC}") = "StlExport", "..\StlExport\StlExport.csproj", "{5695AE7E-91EB-4F8B-8FBA-FF7E8A3ADF67}"
EndProject
Project("{FAE04EC0-301F-11D3-BF4B-00C04F79EFBC}") = "View", "..\View\View.csproj", "{9BC08D45-8D1E-4DB7-A581-3F76E9E65D10}"
EndProject
Project("{FAE04EC0-301F-11D3-BF4B-00C04F79EFBC}") = "DataStructure", "..\DataModel\DataStructure.csproj", "{79FADB57-8897-4FE0-99BC-A99DC3E475C1}"
EndProject
Project("{FAE04EC0-301F-11D3-BF4B-00C04F79EFBC}") = "ErrorHandling", "ErrorHandlingNew\ErrorHandling.csproj", "{B592228C-E663-4DF1-8ED9-49C447CF6451}"
EndProject
Project("{FAE04EC0-301F-11D3-BF4B-00C04F79EFBC}") = "OpenGlUserControl", "OpenGlUserControl\OpenGlUserControl.csproj", "{329E5DE2-9A3D-43BE-A10B-AFA55593F7F5}"
EndProject
Project("{FAE04EC0-301F-11D3-BF4B-00C04F79EFBC}") = "OpenGlUserControlTest", "OpenGlUserControlTest\OpenGlUserControlTest.csproj", "{E30867B1-28EB-4A12-BDBF-D4C4FA03DB71}"
EndProject
Project("{FAE04EC0-301F-11D3-BF4B-00C04F79EFBC}") = "ErrorHandlingTest", "ErrorHandlingTest\ErrorHandlingTest.csproj", "{9A1BCF22-A7A1-440F-8048-FA9FD21DCC89}"
EndProject
Project("{FAE04EC0-301F-11D3-BF4B-00C04F79EFBC}") = "ErrorHandlingDataModel", "ErrorHandlingDataModel\ErrorHandlingDataModel.csproj", "{108FC228-40DE-43A5-A7EC-314028CBF251}"
EndProject
Project("{FAE04EC0-301F-11D3-BF4B-00C04F79EFBC}") = "importSTL", "importSTL\importSTL.csproj", "{C177D020-9612-4BB3-8A5C-33444DEE8618}"
EndProject
Global
	GlobalSection(SolutionConfigurationPlatforms) = preSolution
		Debug|Any CPU = Debug|Any CPU
		Release|Any CPU = Release|Any CPU
	EndGlobalSection
	GlobalSection(ProjectConfigurationPlatforms) = postSolution
		{A51CBA1E-CA4B-4185-BAE1-6D1EE2F5F2BE}.Debug|Any CPU.ActiveCfg = Debug|Any CPU
		{A51CBA1E-CA4B-4185-BAE1-6D1EE2F5F2BE}.Debug|Any CPU.Build.0 = Debug|Any CPU
		{A51CBA1E-CA4B-4185-BAE1-6D1EE2F5F2BE}.Release|Any CPU.ActiveCfg = Release|Any CPU
		{A51CBA1E-CA4B-4185-BAE1-6D1EE2F5F2BE}.Release|Any CPU.Build.0 = Release|Any CPU
		{5695AE7E-91EB-4F8B-8FBA-FF7E8A3ADF67}.Debug|Any CPU.ActiveCfg = Debug|Any CPU
		{5695AE7E-91EB-4F8B-8FBA-FF7E8A3ADF67}.Debug|Any CPU.Build.0 = Debug|Any CPU
		{5695AE7E-91EB-4F8B-8FBA-FF7E8A3ADF67}.Release|Any CPU.ActiveCfg = Release|Any CPU
		{5695AE7E-91EB-4F8B-8FBA-FF7E8A3ADF67}.Release|Any CPU.Build.0 = Release|Any CPU
		{9BC08D45-8D1E-4DB7-A581-3F76E9E65D10}.Debug|Any CPU.ActiveCfg = Debug|Any CPU
		{9BC08D45-8D1E-4DB7-A581-3F76E9E65D10}.Debug|Any CPU.Build.0 = Debug|Any CPU
		{9BC08D45-8D1E-4DB7-A581-3F76E9E65D10}.Release|Any CPU.ActiveCfg = Release|Any CPU
		{9BC08D45-8D1E-4DB7-A581-3F76E9E65D10}.Release|Any CPU.Build.0 = Release|Any CPU
		{79FADB57-8897-4FE0-99BC-A99DC3E475C1}.Debug|Any CPU.ActiveCfg = Debug|Any CPU
		{79FADB57-8897-4FE0-99BC-A99DC3E475C1}.Debug|Any CPU.Build.0 = Debug|Any CPU
		{79FADB57-8897-4FE0-99BC-A99DC3E475C1}.Release|Any CPU.ActiveCfg = Release|Any CPU
		{79FADB57-8897-4FE0-99BC-A99DC3E475C1}.Release|Any CPU.Build.0 = Release|Any CPU
		{B592228C-E663-4DF1-8ED9-49C447CF6451}.Debug|Any CPU.ActiveCfg = Debug|Any CPU
		{B592228C-E663-4DF1-8ED9-49C447CF6451}.Debug|Any CPU.Build.0 = Debug|Any CPU
		{B592228C-E663-4DF1-8ED9-49C447CF6451}.Release|Any CPU.ActiveCfg = Release|Any CPU
		{B592228C-E663-4DF1-8ED9-49C447CF6451}.Release|Any CPU.Build.0 = Release|Any CPU
		{329E5DE2-9A3D-43BE-A10B-AFA55593F7F5}.Debug|Any CPU.ActiveCfg = Debug|Any CPU
		{329E5DE2-9A3D-43BE-A10B-AFA55593F7F5}.Debug|Any CPU.Build.0 = Debug|Any CPU
		{329E5DE2-9A3D-43BE-A10B-AFA55593F7F5}.Release|Any CPU.ActiveCfg = Release|Any CPU
		{329E5DE2-9A3D-43BE-A10B-AFA55593F7F5}.Release|Any CPU.Build.0 = Release|Any CPU
		{E30867B1-28EB-4A12-BDBF-D4C4FA03DB71}.Debug|Any CPU.ActiveCfg = Debug|Any CPU
		{E30867B1-28EB-4A12-BDBF-D4C4FA03DB71}.Debug|Any CPU.Build.0 = Debug|Any CPU
		{E30867B1-28EB-4A12-BDBF-D4C4FA03DB71}.Release|Any CPU.ActiveCfg = Release|Any CPU
		{E30867B1-28EB-4A12-BDBF-D4C4FA03DB71}.Release|Any CPU.Build.0 = Release|Any CPU
		{9A1BCF22-A7A1-440F-8048-FA9FD21DCC89}.Debug|Any CPU.ActiveCfg = Debug|Any CPU
		{9A1BCF22-A7A1-440F-8048-FA9FD21DCC89}.Debug|Any CPU.Build.0 = Debug|Any CPU
		{9A1BCF22-A7A1-440F-8048-FA9FD21DCC89}.Release|Any CPU.ActiveCfg = Release|Any CPU
		{9A1BCF22-A7A1-440F-8048-FA9FD21DCC89}.Release|Any CPU.Build.0 = Release|Any CPU
		{108FC228-40DE-43A5-A7EC-314028CBF251}.Debug|Any CPU.ActiveCfg = Debug|Any CPU
		{108FC228-40DE-43A5-A7EC-314028CBF251}.Debug|Any CPU.Build.0 = Debug|Any CPU
		{108FC228-40DE-43A5-A7EC-314028CBF251}.Release|Any CPU.ActiveCfg = Release|Any CPU
		{108FC228-40DE-43A5-A7EC-314028CBF251}.Release|Any CPU.Build.0 = Release|Any CPU
		{C177D020-9612-4BB3-8A5C-33444DEE8618}.Debug|Any CPU.ActiveCfg = Debug|Any CPU
		{C177D020-9612-4BB3-8A5C-33444DEE8618}.Debug|Any CPU.Build.0 = Debug|Any CPU
		{C177D020-9612-4BB3-8A5C-33444DEE8618}.Release|Any CPU.ActiveCfg = Release|Any CPU
		{C177D020-9612-4BB3-8A5C-33444DEE8618}.Release|Any CPU.Build.0 = Release|Any CPU
	EndGlobalSection
	GlobalSection(SolutionProperties) = preSolution
		HideSolutionNode = FALSE
	EndGlobalSection
	GlobalSection(ExtensibilityGlobals) = postSolution
		SolutionGuid = {2AC71B24-D1F6-4E9D-82E8-707DCE2CAF50}
	EndGlobalSection
EndGlobal
